[root]
name = "algo_run"
version = "0.1.0"
dependencies = [
 "petgraph 0.4.10 (registry+https://github.com/rust-lang/crates.io-index)",
]

[[package]]
name = "fixedbitset"
version = "0.1.8"
source = "registry+https://github.com/rust-lang/crates.io-index"

[[package]]
name = "ordermap"
version = "0.3.1"
source = "registry+https://github.com/rust-lang/crates.io-index"

[[package]]
name = "petgraph"
version = "0.4.10"
source = "registry+https://github.com/rust-lang/crates.io-index"
dependencies = [
 "fixedbitset 0.1.8 (registry+https://github.com/rust-lang/crates.io-index)",
 "ordermap 0.3.1 (registry+https://github.com/rust-lang/crates.io-index)",
]

[metadata]
"checksum fixedbitset 0.1.8 (registry+https://github.com/rust-lang/crates.io-index)" = "85cb8fec437468d86dc7c83ca7cfc933341d561873275f22dd5eedefa63a6478"
"checksum ordermap 0.3.1 (registry+https://github.com/rust-lang/crates.io-index)" = "44c04ddc7062ac3e37c81d99d6f94bee961b63c4d8d637c88dc3c7a4be99b549"
"checksum petgraph 0.4.10 (registry+https://github.com/rust-lang/crates.io-index)" = "28d0872a49ce3ee71b345f4fa675afe394d9e0d077f8eeeb3d04081724065d67"
